// !$*UTF8*$!
{
	archiveVersion = 1;
	classes = {
	};
	objectVersion = 50;
	objects = {

/* Begin PBXBuildFile section */
		D70DE8AE21C20AD40045C317 /* AppDelegate.m in Sources */ = {isa = PBXBuildFile; fileRef = D70DE8AD21C20AD40045C317 /* AppDelegate.m */; };
		D70DE8B121C20AD40045C317 /* ViewController.m in Sources */ = {isa = PBXBuildFile; fileRef = D70DE8B021C20AD40045C317 /* ViewController.m */; };
		D70DE8B421C20AD40045C317 /* Main.storyboard in Resources */ = {isa = PBXBuildFile; fileRef = D70DE8B221C20AD40045C317 /* Main.storyboard */; };
		D70DE8B621C20AD50045C317 /* Assets.xcassets in Resources */ = {isa = PBXBuildFile; fileRef = D70DE8B521C20AD50045C317 /* Assets.xcassets */; };
		D70DE8B921C20AD50045C317 /* LaunchScreen.storyboard in Resources */ = {isa = PBXBuildFile; fileRef = D70DE8B721C20AD50045C317 /* LaunchScreen.storyboard */; };
		D70DE8BC21C20AD50045C317 /* main.m in Sources */ = {isa = PBXBuildFile; fileRef = D70DE8BB21C20AD50045C317 /* main.m */; };
		D70DE8C621C20AD60045C317 /* TestSiriTests.m in Sources */ = {isa = PBXBuildFile; fileRef = D70DE8C521C20AD60045C317 /* TestSiriTests.m */; };
		D70DE8D121C20AD60045C317 /* TestSiriUITests.m in Sources */ = {isa = PBXBuildFile; fileRef = D70DE8D021C20AD60045C317 /* TestSiriUITests.m */; };
		D70DE8E821C2292A0045C317 /* IntentHandler.m in Sources */ = {isa = PBXBuildFile; fileRef = D70DE8E721C2292A0045C317 /* IntentHandler.m */; };
		D70DE8F121C2292B0045C317 /* IntentsUI.framework in Frameworks */ = {isa = PBXBuildFile; fileRef = D70DE8F021C2292B0045C317 /* IntentsUI.framework */; };
		D70DE8F521C2292B0045C317 /* IntentViewController.m in Sources */ = {isa = PBXBuildFile; fileRef = D70DE8F421C2292B0045C317 /* IntentViewController.m */; };
		D70DE8F821C2292B0045C317 /* MainInterface.storyboard in Resources */ = {isa = PBXBuildFile; fileRef = D70DE8F621C2292B0045C317 /* MainInterface.storyboard */; };
		D70DE8FC21C2292B0045C317 /* TestSiriIntentsUI.appex in Embed App Extensions */ = {isa = PBXBuildFile; fileRef = D70DE8EE21C2292A0045C317 /* TestSiriIntentsUI.appex */; settings = {ATTRIBUTES = (RemoveHeadersOnCopy, ); }; };
		D70DE8FF21C2292B0045C317 /* TestSiriIntents.appex in Embed App Extensions */ = {isa = PBXBuildFile; fileRef = D70DE8E421C2292A0045C317 /* TestSiriIntents.appex */; settings = {ATTRIBUTES = (RemoveHeadersOnCopy, ); }; };
		D70DE90921C250390045C317 /* abc.png in Resources */ = {isa = PBXBuildFile; fileRef = D70DE90821C250390045C317 /* abc.png */; };
/* End PBXBuildFile section */

/* Begin PBXContainerItemProxy section */
		D70DE8C221C20AD60045C317 /* PBXContainerItemProxy */ = {
			isa = PBXContainerItemProxy;
			containerPortal = D70DE8A121C20AD40045C317 /* Project object */;
			proxyType = 1;
			remoteGlobalIDString = D70DE8A821C20AD40045C317;
			remoteInfo = TestSiri;
		};
		D70DE8CD21C20AD60045C317 /* PBXContainerItemProxy */ = {
			isa = PBXContainerItemProxy;
			containerPortal = D70DE8A121C20AD40045C317 /* Project object */;
			proxyType = 1;
			remoteGlobalIDString = D70DE8A821C20AD40045C317;
			remoteInfo = TestSiri;
		};
		D70DE8FA21C2292B0045C317 /* PBXContainerItemProxy */ = {
			isa = PBXContainerItemProxy;
			containerPortal = D70DE8A121C20AD40045C317 /* Project object */;
			proxyType = 1;
			remoteGlobalIDString = D70DE8ED21C2292A0045C317;
			remoteInfo = TestSiriIntentsUI;
		};
		D70DE8FD21C2292B0045C317 /* PBXContainerItemProxy */ = {
			isa = PBXContainerItemProxy;
			containerPortal = D70DE8A121C20AD40045C317 /* Project object */;
			proxyType = 1;
			remoteGlobalIDString = D70DE8E321C2292A0045C317;
			remoteInfo = TestSiriIntents;
		};
/* End PBXContainerItemProxy section */

/* Begin PBXCopyFilesBuildPhase section */
		D70DE90621C2292B0045C317 /* Embed App Extensions */ = {
			isa = PBXCopyFilesBuildPhase;
			buildActionMask = 2147483647;
			dstPath = "";
			dstSubfolderSpec = 13;
			files = (
				D70DE8FC21C2292B0045C317 /* TestSiriIntentsUI.appex in Embed App Extensions */,
				D70DE8FF21C2292B0045C317 /* TestSiriIntents.appex in Embed App Extensions */,
			);
			name = "Embed App Extensions";
			runOnlyForDeploymentPostprocessing = 0;
		};
/* End PBXCopyFilesBuildPhase section */

/* Begin PBXFileReference section */
		D70DE8A921C20AD40045C317 /* TestSiri.app */ = {isa = PBXFileReference; explicitFileType = wrapper.application; includeInIndex = 0; path = TestSiri.app; sourceTree = BUILT_PRODUCTS_DIR; };
		D70DE8AC21C20AD40045C317 /* AppDelegate.h */ = {isa = PBXFileReference; lastKnownFileType = sourcecode.c.h; path = AppDelegate.h; sourceTree = "<group>"; };
		D70DE8AD21C20AD40045C317 /* AppDelegate.m */ = {isa = PBXFileReference; lastKnownFileType = sourcecode.c.objc; path = AppDelegate.m; sourceTree = "<group>"; };
		D70DE8AF21C20AD40045C317 /* ViewController.h */ = {isa = PBXFileReference; lastKnownFileType = sourcecode.c.h; path = ViewController.h; sourceTree = "<group>"; };
		D70DE8B021C20AD40045C317 /* ViewController.m */ = {isa = PBXFileReference; lastKnownFileType = sourcecode.c.objc; path = ViewController.m; sourceTree = "<group>"; };
		D70DE8B321C20AD40045C317 /* Base */ = {isa = PBXFileReference; lastKnownFileType = file.storyboard; name = Base; path = Base.lproj/Main.storyboard; sourceTree = "<group>"; };
		D70DE8B521C20AD50045C317 /* Assets.xcassets */ = {isa = PBXFileReference; lastKnownFileType = folder.assetcatalog; path = Assets.xcassets; sourceTree = "<group>"; };
		D70DE8B821C20AD50045C317 /* Base */ = {isa = PBXFileReference; lastKnownFileType = file.storyboard; name = Base; path = Base.lproj/LaunchScreen.storyboard; sourceTree = "<group>"; };
		D70DE8BA21C20AD50045C317 /* Info.plist */ = {isa = PBXFileReference; lastKnownFileType = text.plist.xml; path = Info.plist; sourceTree = "<group>"; };
		D70DE8BB21C20AD50045C317 /* main.m */ = {isa = PBXFileReference; lastKnownFileType = sourcecode.c.objc; path = main.m; sourceTree = "<group>"; };
		D70DE8C121C20AD60045C317 /* TestSiriTests.xctest */ = {isa = PBXFileReference; explicitFileType = wrapper.cfbundle; includeInIndex = 0; path = TestSiriTests.xctest; sourceTree = BUILT_PRODUCTS_DIR; };
		D70DE8C521C20AD60045C317 /* TestSiriTests.m */ = {isa = PBXFileReference; lastKnownFileType = sourcecode.c.objc; path = TestSiriTests.m; sourceTree = "<group>"; };
		D70DE8C721C20AD60045C317 /* Info.plist */ = {isa = PBXFileReference; lastKnownFileType = text.plist.xml; path = Info.plist; sourceTree = "<group>"; };
		D70DE8CC21C20AD60045C317 /* TestSiriUITests.xctest */ = {isa = PBXFileReference; explicitFileType = wrapper.cfbundle; includeInIndex = 0; path = TestSiriUITests.xctest; sourceTree = BUILT_PRODUCTS_DIR; };
		D70DE8D021C20AD60045C317 /* TestSiriUITests.m */ = {isa = PBXFileReference; lastKnownFileType = sourcecode.c.objc; path = TestSiriUITests.m; sourceTree = "<group>"; };
		D70DE8D221C20AD60045C317 /* Info.plist */ = {isa = PBXFileReference; lastKnownFileType = text.plist.xml; path = Info.plist; sourceTree = "<group>"; };
		D70DE8E421C2292A0045C317 /* TestSiriIntents.appex */ = {isa = PBXFileReference; explicitFileType = "wrapper.app-extension"; includeInIndex = 0; path = TestSiriIntents.appex; sourceTree = BUILT_PRODUCTS_DIR; };
		D70DE8E621C2292A0045C317 /* IntentHandler.h */ = {isa = PBXFileReference; lastKnownFileType = sourcecode.c.h; path = IntentHandler.h; sourceTree = "<group>"; };
		D70DE8E721C2292A0045C317 /* IntentHandler.m */ = {isa = PBXFileReference; lastKnownFileType = sourcecode.c.objc; path = IntentHandler.m; sourceTree = "<group>"; };
		D70DE8E921C2292A0045C317 /* Info.plist */ = {isa = PBXFileReference; lastKnownFileType = text.plist.xml; path = Info.plist; sourceTree = "<group>"; };
		D70DE8EE21C2292A0045C317 /* TestSiriIntentsUI.appex */ = {isa = PBXFileReference; explicitFileType = "wrapper.app-extension"; includeInIndex = 0; path = TestSiriIntentsUI.appex; sourceTree = BUILT_PRODUCTS_DIR; };
		D70DE8F021C2292B0045C317 /* IntentsUI.framework */ = {isa = PBXFileReference; lastKnownFileType = wrapper.framework; name = IntentsUI.framework; path = System/Library/Frameworks/IntentsUI.framework; sourceTree = SDKROOT; };
		D70DE8F321C2292B0045C317 /* IntentViewController.h */ = {isa = PBXFileReference; lastKnownFileType = sourcecode.c.h; path = IntentViewController.h; sourceTree = "<group>"; };
		D70DE8F421C2292B0045C317 /* IntentViewController.m */ = {isa = PBXFileReference; lastKnownFileType = sourcecode.c.objc; path = IntentViewController.m; sourceTree = "<group>"; };
		D70DE8F721C2292B0045C317 /* Base */ = {isa = PBXFileReference; lastKnownFileType = file.storyboard; name = Base; path = Base.lproj/MainInterface.storyboard; sourceTree = "<group>"; };
		D70DE8F921C2292B0045C317 /* Info.plist */ = {isa = PBXFileReference; lastKnownFileType = text.plist.xml; path = Info.plist; sourceTree = "<group>"; };
		D70DE90721C23A6D0045C317 /* TestSiri.entitlements */ = {isa = PBXFileReference; lastKnownFileType = text.plist.entitlements; path = TestSiri.entitlements; sourceTree = "<group>"; };
		D70DE90821C250390045C317 /* abc.png */ = {isa = PBXFileReference; lastKnownFileType = image.png; name = abc.png; path = "../../../../Desktop/扫地机设计图/自动分区/自动分区/切图/abc.png"; sourceTree = "<group>"; };
/* End PBXFileReference section */

/* Begin PBXFrameworksBuildPhase section */
		D70DE8A621C20AD40045C317 /* Frameworks */ = {
			isa = PBXFrameworksBuildPhase;
			buildActionMask = 2147483647;
			files = (
			);
			runOnlyForDeploymentPostprocessing = 0;
		};
		D70DE8BE21C20AD50045C317 /* Frameworks */ = {
			isa = PBXFrameworksBuildPhase;
			buildActionMask = 2147483647;
			files = (
			);
			runOnlyForDeploymentPostprocessing = 0;
		};
		D70DE8C921C20AD60045C317 /* Frameworks */ = {
			isa = PBXFrameworksBuildPhase;
			buildActionMask = 2147483647;
			files = (
			);
			runOnlyForDeploymentPostprocessing = 0;
		};
		D70DE8E121C2292A0045C317 /* Frameworks */ = {
			isa = PBXFrameworksBuildPhase;
			buildActionMask = 2147483647;
			files = (
			);
			runOnlyForDeploymentPostprocessing = 0;
		};
		D70DE8EB21C2292A0045C317 /* Frameworks */ = {
			isa = PBXFrameworksBuildPhase;
			buildActionMask = 2147483647;
			files = (
				D70DE8F121C2292B0045C317 /* IntentsUI.framework in Frameworks */,
			);
			runOnlyForDeploymentPostprocessing = 0;
		};
/* End PBXFrameworksBuildPhase section */

/* Begin PBXGroup section */
		D70DE8A021C20AD40045C317 = {
			isa = PBXGroup;
			children = (
				D70DE8AB21C20AD40045C317 /* TestSiri */,
				D70DE8C421C20AD60045C317 /* TestSiriTests */,
				D70DE8CF21C20AD60045C317 /* TestSiriUITests */,
				D70DE8E521C2292A0045C317 /* TestSiriIntents */,
				D70DE8F221C2292B0045C317 /* TestSiriIntentsUI */,
				D70DE8EF21C2292B0045C317 /* Frameworks */,
				D70DE8AA21C20AD40045C317 /* Products */,
			);
			sourceTree = "<group>";
		};
		D70DE8AA21C20AD40045C317 /* Products */ = {
			isa = PBXGroup;
			children = (
				D70DE8A921C20AD40045C317 /* TestSiri.app */,
				D70DE8C121C20AD60045C317 /* TestSiriTests.xctest */,
				D70DE8CC21C20AD60045C317 /* TestSiriUITests.xctest */,
				D70DE8E421C2292A0045C317 /* TestSiriIntents.appex */,
				D70DE8EE21C2292A0045C317 /* TestSiriIntentsUI.appex */,
			);
			name = Products;
			sourceTree = "<group>";
		};
		D70DE8AB21C20AD40045C317 /* TestSiri */ = {
			isa = PBXGroup;
			children = (
				D70DE90721C23A6D0045C317 /* TestSiri.entitlements */,
				D70DE8AC21C20AD40045C317 /* AppDelegate.h */,
				D70DE8AD21C20AD40045C317 /* AppDelegate.m */,
				D70DE8AF21C20AD40045C317 /* ViewController.h */,
				D70DE8B021C20AD40045C317 /* ViewController.m */,
				D70DE8B221C20AD40045C317 /* Main.storyboard */,
				D70DE8B521C20AD50045C317 /* Assets.xcassets */,
				D70DE8B721C20AD50045C317 /* LaunchScreen.storyboard */,
				D70DE8BA21C20AD50045C317 /* Info.plist */,
				D70DE8BB21C20AD50045C317 /* main.m */,
			);
			path = TestSiri;
			sourceTree = "<group>";
		};
		D70DE8C421C20AD60045C317 /* TestSiriTests */ = {
			isa = PBXGroup;
			children = (
				D70DE8C521C20AD60045C317 /* TestSiriTests.m */,
				D70DE8C721C20AD60045C317 /* Info.plist */,
			);
			path = TestSiriTests;
			sourceTree = "<group>";
		};
		D70DE8CF21C20AD60045C317 /* TestSiriUITests */ = {
			isa = PBXGroup;
			children = (
				D70DE8D021C20AD60045C317 /* TestSiriUITests.m */,
				D70DE8D221C20AD60045C317 /* Info.plist */,
			);
			path = TestSiriUITests;
			sourceTree = "<group>";
		};
		D70DE8E521C2292A0045C317 /* TestSiriIntents */ = {
			isa = PBXGroup;
			children = (
				D70DE8E621C2292A0045C317 /* IntentHandler.h */,
				D70DE8E721C2292A0045C317 /* IntentHandler.m */,
				D70DE8E921C2292A0045C317 /* Info.plist */,
			);
			path = TestSiriIntents;
			sourceTree = "<group>";
		};
		D70DE8EF21C2292B0045C317 /* Frameworks */ = {
			isa = PBXGroup;
			children = (
				D70DE8F021C2292B0045C317 /* IntentsUI.framework */,
			);
			name = Frameworks;
			sourceTree = "<group>";
		};
		D70DE8F221C2292B0045C317 /* TestSiriIntentsUI */ = {
			isa = PBXGroup;
			children = (
				D70DE8F321C2292B0045C317 /* IntentViewController.h */,
				D70DE8F421C2292B0045C317 /* IntentViewController.m */,
				D70DE90821C250390045C317 /* abc.png */,
				D70DE8F621C2292B0045C317 /* MainInterface.storyboard */,
				D70DE8F921C2292B0045C317 /* Info.plist */,
			);
			path = TestSiriIntentsUI;
			sourceTree = "<group>";
		};
/* End PBXGroup section */

/* Begin PBXNativeTarget section */
		D70DE8A821C20AD40045C317 /* TestSiri */ = {
			isa = PBXNativeTarget;
			buildConfigurationList = D70DE8D521C20AD60045C317 /* Build configuration list for PBXNativeTarget "TestSiri" */;
			buildPhases = (
				D70DE8A521C20AD40045C317 /* Sources */,
				D70DE8A621C20AD40045C317 /* Frameworks */,
				D70DE8A721C20AD40045C317 /* Resources */,
				D70DE90621C2292B0045C317 /* Embed App Extensions */,
			);
			buildRules = (
			);
			dependencies = (
				D70DE8FB21C2292B0045C317 /* PBXTargetDependency */,
				D70DE8FE21C2292B0045C317 /* PBXTargetDependency */,
			);
			name = TestSiri;
			productName = TestSiri;
			productReference = D70DE8A921C20AD40045C317 /* TestSiri.app */;
			productType = "com.apple.product-type.application";
		};
		D70DE8C021C20AD50045C317 /* TestSiriTests */ = {
			isa = PBXNativeTarget;
			buildConfigurationList = D70DE8D821C20AD60045C317 /* Build configuration list for PBXNativeTarget "TestSiriTests" */;
			buildPhases = (
				D70DE8BD21C20AD50045C317 /* Sources */,
				D70DE8BE21C20AD50045C317 /* Frameworks */,
				D70DE8BF21C20AD50045C317 /* Resources */,
			);
			buildRules = (
			);
			dependencies = (
				D70DE8C321C20AD60045C317 /* PBXTargetDependency */,
			);
			name = TestSiriTests;
			productName = TestSiriTests;
			productReference = D70DE8C121C20AD60045C317 /* TestSiriTests.xctest */;
			productType = "com.apple.product-type.bundle.unit-test";
		};
		D70DE8CB21C20AD60045C317 /* TestSiriUITests */ = {
			isa = PBXNativeTarget;
			buildConfigurationList = D70DE8DB21C20AD60045C317 /* Build configuration list for PBXNativeTarget "TestSiriUITests" */;
			buildPhases = (
				D70DE8C821C20AD60045C317 /* Sources */,
				D70DE8C921C20AD60045C317 /* Frameworks */,
				D70DE8CA21C20AD60045C317 /* Resources */,
			);
			buildRules = (
			);
			dependencies = (
				D70DE8CE21C20AD60045C317 /* PBXTargetDependency */,
			);
			name = TestSiriUITests;
			productName = TestSiriUITests;
			productReference = D70DE8CC21C20AD60045C317 /* TestSiriUITests.xctest */;
			productType = "com.apple.product-type.bundle.ui-testing";
		};
		D70DE8E321C2292A0045C317 /* TestSiriIntents */ = {
			isa = PBXNativeTarget;
			buildConfigurationList = D70DE90321C2292B0045C317 /* Build configuration list for PBXNativeTarget "TestSiriIntents" */;
			buildPhases = (
				D70DE8E021C2292A0045C317 /* Sources */,
				D70DE8E121C2292A0045C317 /* Frameworks */,
				D70DE8E221C2292A0045C317 /* Resources */,
			);
			buildRules = (
			);
			dependencies = (
			);
			name = TestSiriIntents;
			productName = TestSiriIntents;
			productReference = D70DE8E421C2292A0045C317 /* TestSiriIntents.appex */;
			productType = "com.apple.product-type.app-extension";
		};
		D70DE8ED21C2292A0045C317 /* TestSiriIntentsUI */ = {
			isa = PBXNativeTarget;
			buildConfigurationList = D70DE90021C2292B0045C317 /* Build configuration list for PBXNativeTarget "TestSiriIntentsUI" */;
			buildPhases = (
				D70DE8EA21C2292A0045C317 /* Sources */,
				D70DE8EB21C2292A0045C317 /* Frameworks */,
				D70DE8EC21C2292A0045C317 /* Resources */,
			);
			buildRules = (
			);
			dependencies = (
			);
			name = TestSiriIntentsUI;
			productName = TestSiriIntentsUI;
			productReference = D70DE8EE21C2292A0045C317 /* TestSiriIntentsUI.appex */;
			productType = "com.apple.product-type.app-extension";
		};
/* End PBXNativeTarget section */

/* Begin PBXProject section */
		D70DE8A121C20AD40045C317 /* Project object */ = {
			isa = PBXProject;
			attributes = {
				LastUpgradeCheck = 1010;
				ORGANIZATIONNAME = dongzhiqiang;
				TargetAttributes = {
					D70DE8A821C20AD40045C317 = {
						CreatedOnToolsVersion = 10.1;
						SystemCapabilities = {
							com.apple.Siri = {
								enabled = 1;
							};
						};
					};
					D70DE8C021C20AD50045C317 = {
						CreatedOnToolsVersion = 10.1;
						TestTargetID = D70DE8A821C20AD40045C317;
					};
					D70DE8CB21C20AD60045C317 = {
						CreatedOnToolsVersion = 10.1;
						TestTargetID = D70DE8A821C20AD40045C317;
					};
					D70DE8E321C2292A0045C317 = {
						CreatedOnToolsVersion = 10.1;
					};
					D70DE8ED21C2292A0045C317 = {
						CreatedOnToolsVersion = 10.1;
					};
				};
			};
			buildConfigurationList = D70DE8A421C20AD40045C317 /* Build configuration list for PBXProject "TestSiri" */;
			compatibilityVersion = "Xcode 9.3";
			developmentRegion = en;
			hasScannedForEncodings = 0;
			knownRegions = (
				en,
				Base,
			);
			mainGroup = D70DE8A021C20AD40045C317;
			productRefGroup = D70DE8AA21C20AD40045C317 /* Products */;
			projectDirPath = "";
			projectRoot = "";
			targets = (
				D70DE8A821C20AD40045C317 /* TestSiri */,
				D70DE8C021C20AD50045C317 /* TestSiriTests */,
				D70DE8CB21C20AD60045C317 /* TestSiriUITests */,
				D70DE8E321C2292A0045C317 /* TestSiriIntents */,
				D70DE8ED21C2292A0045C317 /* TestSiriIntentsUI */,
			);
		};
/* End PBXProject section */

/* Begin PBXResourcesBuildPhase section */
		D70DE8A721C20AD40045C317 /* Resources */ = {
			isa = PBXResourcesBuildPhase;
			buildActionMask = 2147483647;
			files = (
				D70DE8B921C20AD50045C317 /* LaunchScreen.storyboard in Resources */,
				D70DE8B621C20AD50045C317 /* Assets.xcassets in Resources */,
				D70DE8B421C20AD40045C317 /* Main.storyboard in Resources */,
			);
			runOnlyForDeploymentPostprocessing = 0;
		};
		D70DE8BF21C20AD50045C317 /* Resources */ = {
			isa = PBXResourcesBuildPhase;
			buildActionMask = 2147483647;
			files = (
			);
			runOnlyForDeploymentPostprocessing = 0;
		};
		D70DE8CA21C20AD60045C317 /* Resources */ = {
			isa = PBXResourcesBuildPhase;
			buildActionMask = 2147483647;
			files = (
			);
			runOnlyForDeploymentPostprocessing = 0;
		};
		D70DE8E221C2292A0045C317 /* Resources */ = {
			isa = PBXResourcesBuildPhase;
			buildActionMask = 2147483647;
			files = (
			);
			runOnlyForDeploymentPostprocessing = 0;
		};
		D70DE8EC21C2292A0045C317 /* Resources */ = {
			isa = PBXResourcesBuildPhase;
			buildActionMask = 2147483647;
			files = (
				D70DE90921C250390045C317 /* abc.png in Resources */,
				D70DE8F821C2292B0045C317 /* MainInterface.storyboard in Resources */,
			);
			runOnlyForDeploymentPostprocessing = 0;
		};
/* End PBXResourcesBuildPhase section */

/* Begin PBXSourcesBuildPhase section */
		D70DE8A521C20AD40045C317 /* Sources */ = {
			isa = PBXSourcesBuildPhase;
			buildActionMask = 2147483647;
			files = (
				D70DE8B121C20AD40045C317 /* ViewController.m in Sources */,
				D70DE8BC21C20AD50045C317 /* main.m in Sources */,
				D70DE8AE21C20AD40045C317 /* AppDelegate.m in Sources */,
			);
			runOnlyForDeploymentPostprocessing = 0;
		};
		D70DE8BD21C20AD50045C317 /* Sources */ = {
			isa = PBXSourcesBuildPhase;
			buildActionMask = 2147483647;
			files = (
				D70DE8C621C20AD60045C317 /* TestSiriTests.m in Sources */,
			);
			runOnlyForDeploymentPostprocessing = 0;
		};
		D70DE8C821C20AD60045C317 /* Sources */ = {
			isa = PBXSourcesBuildPhase;
			buildActionMask = 2147483647;
			files = (
				D70DE8D121C20AD60045C317 /* TestSiriUITests.m in Sources */,
			);
			runOnlyForDeploymentPostprocessing = 0;
		};
		D70DE8E021C2292A0045C317 /* Sources */ = {
			isa = PBXSourcesBuildPhase;
			buildActionMask = 2147483647;
			files = (
				D70DE8E821C2292A0045C317 /* IntentHandler.m in Sources */,
			);
			runOnlyForDeploymentPostprocessing = 0;
		};
		D70DE8EA21C2292A0045C317 /* Sources */ = {
			isa = PBXSourcesBuildPhase;
			buildActionMask = 2147483647;
			files = (
				D70DE8F521C2292B0045C317 /* IntentViewController.m in Sources */,
			);
			runOnlyForDeploymentPostprocessing = 0;
		};
/* End PBXSourcesBuildPhase section */

/* Begin PBXTargetDependency section */
		D70DE8C321C20AD60045C317 /* PBXTargetDependency */ = {
			isa = PBXTargetDependency;
			target = D70DE8A821C20AD40045C317 /* TestSiri */;
			targetProxy = D70DE8C221C20AD60045C317 /* PBXContainerItemProxy */;
		};
		D70DE8CE21C20AD60045C317 /* PBXTargetDependency */ = {
			isa = PBXTargetDependency;
			target = D70DE8A821C20AD40045C317 /* TestSiri */;
			targetProxy = D70DE8CD21C20AD60045C317 /* PBXContainerItemProxy */;
		};
		D70DE8FB21C2292B0045C317 /* PBXTargetDependency */ = {
			isa = PBXTargetDependency;
			target = D70DE8ED21C2292A0045C317 /* TestSiriIntentsUI */;
			targetProxy = D70DE8FA21C2292B0045C317 /* PBXContainerItemProxy */;
		};
		D70DE8FE21C2292B0045C317 /* PBXTargetDependency */ = {
			isa = PBXTargetDependency;
			target = D70DE8E321C2292A0045C317 /* TestSiriIntents */;
			targetProxy = D70DE8FD21C2292B0045C317 /* PBXContainerItemProxy */;
		};
/* End PBXTargetDependency section */

/* Begin PBXVariantGroup section */
		D70DE8B221C20AD40045C317 /* Main.storyboard */ = {
			isa = PBXVariantGroup;
			children = (
				D70DE8B321C20AD40045C317 /* Base */,
			);
			name = Main.storyboard;
			sourceTree = "<group>";
		};
		D70DE8B721C20AD50045C317 /* LaunchScreen.storyboard */ = {
			isa = PBXVariantGroup;
			children = (
				D70DE8B821C20AD50045C317 /* Base */,
			);
			name = LaunchScreen.storyboard;
			sourceTree = "<group>";
		};
		D70DE8F621C2292B0045C317 /* MainInterface.storyboard */ = {
			isa = PBXVariantGroup;
			children = (
				D70DE8F721C2292B0045C317 /* Base */,
			);
			name = MainInterface.storyboard;
			sourceTree = "<group>";
		};
/* End PBXVariantGroup section */

/* Begin XCBuildConfiguration section */
		D70DE8D321C20AD60045C317 /* Debug */ = {
			isa = XCBuildConfiguration;
			buildSettings = {
				ALWAYS_SEARCH_USER_PATHS = NO;
				CLANG_ANALYZER_NONNULL = YES;
				CLANG_ANALYZER_NUMBER_OBJECT_CONVERSION = YES_AGGRESSIVE;
				CLANG_CXX_LANGUAGE_STANDARD = "gnu++14";
				CLANG_CXX_LIBRARY = "libc++";
				CLANG_ENABLE_MODULES = YES;
				CLANG_ENABLE_OBJC_ARC = YES;
				CLANG_ENABLE_OBJC_WEAK = YES;
				CLANG_WARN_BLOCK_CAPTURE_AUTORELEASING = YES;
				CLANG_WARN_BOOL_CONVERSION = YES;
				CLANG_WARN_COMMA = YES;
				CLANG_WARN_CONSTANT_CONVERSION = YES;
				CLANG_WARN_DEPRECATED_OBJC_IMPLEMENTATIONS = YES;
				CLANG_WARN_DIRECT_OBJC_ISA_USAGE = YES_ERROR;
				CLANG_WARN_DOCUMENTATION_COMMENTS = YES;
				CLANG_WARN_EMPTY_BODY = YES;
				CLANG_WARN_ENUM_CONVERSION = YES;
				CLANG_WARN_INFINITE_RECURSION = YES;
				CLANG_WARN_INT_CONVERSION = YES;
				CLANG_WARN_NON_LITERAL_NULL_CONVERSION = YES;
				CLANG_WARN_OBJC_IMPLICIT_RETAIN_SELF = YES;
				CLANG_WARN_OBJC_LITERAL_CONVERSION = YES;
				CLANG_WARN_OBJC_ROOT_CLASS = YES_ERROR;
				CLANG_WARN_RANGE_LOOP_ANALYSIS = YES;
				CLANG_WARN_STRICT_PROTOTYPES = YES;
				CLANG_WARN_SUSPICIOUS_MOVE = YES;
				CLANG_WARN_UNGUARDED_AVAILABILITY = YES_AGGRESSIVE;
				CLANG_WARN_UNREACHABLE_CODE = YES;
				CLANG_WARN__DUPLICATE_METHOD_MATCH = YES;
				CODE_SIGN_IDENTITY = "iPhone Developer";
				COPY_PHASE_STRIP = NO;
				DEBUG_INFORMATION_FORMAT = dwarf;
				ENABLE_STRICT_OBJC_MSGSEND = YES;
				ENABLE_TESTABILITY = YES;
				GCC_C_LANGUAGE_STANDARD = gnu11;
				GCC_DYNAMIC_NO_PIC = NO;
				GCC_NO_COMMON_BLOCKS = YES;
				GCC_OPTIMIZATION_LEVEL = 0;
				GCC_PREPROCESSOR_DEFINITIONS = (
					"DEBUG=1",
					"$(inherited)",
				);
				GCC_WARN_64_TO_32_BIT_CONVERSION = YES;
				GCC_WARN_ABOUT_RETURN_TYPE = YES_ERROR;
				GCC_WARN_UNDECLARED_SELECTOR = YES;
				GCC_WARN_UNINITIALIZED_AUTOS = YES_AGGRESSIVE;
				GCC_WARN_UNUSED_FUNCTION = YES;
				GCC_WARN_UNUSED_VARIABLE = YES;
				IPHONEOS_DEPLOYMENT_TARGET = 12.1;
				MTL_ENABLE_DEBUG_INFO = INCLUDE_SOURCE;
				MTL_FAST_MATH = YES;
				ONLY_ACTIVE_ARCH = YES;
				SDKROOT = iphoneos;
			};
			name = Debug;
		};
		D70DE8D421C20AD60045C317 /* Release */ = {
			isa = XCBuildConfiguration;
			buildSettings = {
				ALWAYS_SEARCH_USER_PATHS = NO;
				CLANG_ANALYZER_NONNULL = YES;
				CLANG_ANALYZER_NUMBER_OBJECT_CONVERSION = YES_AGGRESSIVE;
				CLANG_CXX_LANGUAGE_STANDARD = "gnu++14";
				CLANG_CXX_LIBRARY = "libc++";
				CLANG_ENABLE_MODULES = YES;
				CLANG_ENABLE_OBJC_ARC = YES;
				CLANG_ENABLE_OBJC_WEAK = YES;
				CLANG_WARN_BLOCK_CAPTURE_AUTORELEASING = YES;
				CLANG_WARN_BOOL_CONVERSION = YES;
				CLANG_WARN_COMMA = YES;
				CLANG_WARN_CONSTANT_CONVERSION = YES;
				CLANG_WARN_DEPRECATED_OBJC_IMPLEMENTATIONS = YES;
				CLANG_WARN_DIRECT_OBJC_ISA_USAGE = YES_ERROR;
				CLANG_WARN_DOCUMENTATION_COMMENTS = YES;
				CLANG_WARN_EMPTY_BODY = YES;
				CLANG_WARN_ENUM_CONVERSION = YES;
				CLANG_WARN_INFINITE_RECURSION = YES;
				CLANG_WARN_INT_CONVERSION = YES;
				CLANG_WARN_NON_LITERAL_NULL_CONVERSION = YES;
				CLANG_WARN_OBJC_IMPLICIT_RETAIN_SELF = YES;
				CLANG_WARN_OBJC_LITERAL_CONVERSION = YES;
				CLANG_WARN_OBJC_ROOT_CLASS = YES_ERROR;
				CLANG_WARN_RANGE_LOOP_ANALYSIS = YES;
				CLANG_WARN_STRICT_PROTOTYPES = YES;
				CLANG_WARN_SUSPICIOUS_MOVE = YES;
				CLANG_WARN_UNGUARDED_AVAILABILITY = YES_AGGRESSIVE;
				CLANG_WARN_UNREACHABLE_CODE = YES;
				CLANG_WARN__DUPLICATE_METHOD_MATCH = YES;
				CODE_SIGN_IDENTITY = "iPhone Developer";
				COPY_PHASE_STRIP = NO;
				DEBUG_INFORMATION_FORMAT = "dwarf-with-dsym";
				ENABLE_NS_ASSERTIONS = NO;
				ENABLE_STRICT_OBJC_MSGSEND = YES;
				GCC_C_LANGUAGE_STANDARD = gnu11;
				GCC_NO_COMMON_BLOCKS = YES;
				GCC_WARN_64_TO_32_BIT_CONVERSION = YES;
				GCC_WARN_ABOUT_RETURN_TYPE = YES_ERROR;
				GCC_WARN_UNDECLARED_SELECTOR = YES;
				GCC_WARN_UNINITIALIZED_AUTOS = YES_AGGRESSIVE;
				GCC_WARN_UNUSED_FUNCTION = YES;
				GCC_WARN_UNUSED_VARIABLE = YES;
				IPHONEOS_DEPLOYMENT_TARGET = 12.1;
				MTL_ENABLE_DEBUG_INFO = NO;
				MTL_FAST_MATH = YES;
				SDKROOT = iphoneos;
				VALIDATE_PRODUCT = YES;
			};
			name = Release;
		};
		D70DE8D621C20AD60045C317 /* Debug */ = {
			isa = XCBuildConfiguration;
			buildSettings = {
				ASSETCATALOG_COMPILER_APPICON_NAME = AppIcon;
				CODE_SIGN_ENTITLEMENTS = TestSiri/TestSiri.entitlements;
				CODE_SIGN_STYLE = Manual;
				DEVELOPMENT_TEAM = 26269995MS;
				INFOPLIST_FILE = TestSiri/Info.plist;
				IPHONEOS_DEPLOYMENT_TARGET = 11.0;
				LD_RUNPATH_SEARCH_PATHS = (
					"$(inherited)",
					"@executable_path/Frameworks",
				);
				PRODUCT_BUNDLE_IDENTIFIER = com.qihoo.360smart.demo;
				PRODUCT_NAME = "$(TARGET_NAME)";
				PROVISIONING_PROFILE_SPECIFIER = superAppDemo;
				TARGETED_DEVICE_FAMILY = "1,2";
			};
			name = Debug;
		};
		D70DE8D721C20AD60045C317 /* Release */ = {
			isa = XCBuildConfiguration;
			buildSettings = {
				ASSETCATALOG_COMPILER_APPICON_NAME = AppIcon;
				CODE_SIGN_ENTITLEMENTS = TestSiri/TestSiri.entitlements;
				CODE_SIGN_STYLE = Manual;
				DEVELOPMENT_TEAM = 26269995MS;
				INFOPLIST_FILE = TestSiri/Info.plist;
				IPHONEOS_DEPLOYMENT_TARGET = 11.0;
				LD_RUNPATH_SEARCH_PATHS = (
					"$(inherited)",
					"@executable_path/Frameworks",
				);
				PRODUCT_BUNDLE_IDENTIFIER = com.qihoo.360smart.demo;
				PRODUCT_NAME = "$(TARGET_NAME)";
				PROVISIONING_PROFILE_SPECIFIER = superAppDemo;
				TARGETED_DEVICE_FAMILY = "1,2";
			};
			name = Release;
		};
		D70DE8D921C20AD60045C317 /* Debug */ = {
			isa = XCBuildConfiguration;
			buildSettings = {
				BUNDLE_LOADER = "$(TEST_HOST)";
				CODE_SIGN_STYLE = Automatic;
				INFOPLIST_FILE = TestSiriTests/Info.plist;
				LD_RUNPATH_SEARCH_PATHS = (
					"$(inherited)",
					"@executable_path/Frameworks",
					"@loader_path/Frameworks",
				);
				PRODUCT_BUNDLE_IDENTIFIER = aa.TestSiriTests;
				PRODUCT_NAME = "$(TARGET_NAME)";
				TARGETED_DEVICE_FAMILY = "1,2";
				TEST_HOST = "$(BUILT_PRODUCTS_DIR)/TestSiri.app/TestSiri";
			};
			name = Debug;
		};
		D70DE8DA21C20AD60045C317 /* Release */ = {
			isa = XCBuildConfiguration;
			buildSettings = {
				BUNDLE_LOADER = "$(TEST_HOST)";
				CODE_SIGN_STYLE = Automatic;
				INFOPLIST_FILE = TestSiriTests/Info.plist;
				LD_RUNPATH_SEARCH_PATHS = (
					"$(inherited)",
					"@executable_path/Frameworks",
					"@loader_path/Frameworks",
				);
				PRODUCT_BUNDLE_IDENTIFIER = aa.TestSiriTests;
				PRODUCT_NAME = "$(TARGET_NAME)";
				TARGETED_DEVICE_FAMILY = "1,2";
				TEST_HOST = "$(BUILT_PRODUCTS_DIR)/TestSiri.app/TestSiri";
			};
			name = Release;
		};
		D70DE8DC21C20AD60045C317 /* Debug */ = {
			isa = XCBuildConfiguration;
			buildSettings = {
				CODE_SIGN_STYLE = Automatic;
				INFOPLIST_FILE = TestSiriUITests/Info.plist;
				LD_RUNPATH_SEARCH_PATHS = (
					"$(inherited)",
					"@executable_path/Frameworks",
					"@loader_path/Frameworks",
				);
				PRODUCT_BUNDLE_IDENTIFIER = aa.TestSiriUITests;
				PRODUCT_NAME = "$(TARGET_NAME)";
				TARGETED_DEVICE_FAMILY = "1,2";
				TEST_TARGET_NAME = TestSiri;
			};
			name = Debug;
		};
		D70DE8DD21C20AD60045C317 /* Release */ = {
			isa = XCBuildConfiguration;
			buildSettings = {
				CODE_SIGN_STYLE = Automatic;
				INFOPLIST_FILE = TestSiriUITests/Info.plist;
				LD_RUNPATH_SEARCH_PATHS = (
					"$(inherited)",
					"@executable_path/Frameworks",
					"@loader_path/Frameworks",
				);
				PRODUCT_BUNDLE_IDENTIFIER = aa.TestSiriUITests;
				PRODUCT_NAME = "$(TARGET_NAME)";
				TARGETED_DEVICE_FAMILY = "1,2";
				TEST_TARGET_NAME = TestSiri;
			};
			name = Release;
		};
		D70DE90121C2292B0045C317 /* Debug */ = {
			isa = XCBuildConfiguration;
			buildSettings = {
				CODE_SIGN_STYLE = Manual;
				DEVELOPMENT_TEAM = 26269995MS;
				INFOPLIST_FILE = TestSiriIntentsUI/Info.plist;
				IPHONEOS_DEPLOYMENT_TARGET = 11.0;
				LD_RUNPATH_SEARCH_PATHS = (
					"$(inherited)",
					"@executable_path/Frameworks",
					"@executable_path/../../Frameworks",
				);
				PRODUCT_BUNDLE_IDENTIFIER = com.qihoo.360smart.demo.SiriIntentsUI;
				PRODUCT_NAME = "$(TARGET_NAME)";
				PROVISIONING_PROFILE_SPECIFIER = demoSiriIntentsUI1;
				SKIP_INSTALL = YES;
				TARGETED_DEVICE_FAMILY = "1,2";
			};
			name = Debug;
		};
		D70DE90221C2292B0045C317 /* Release */ = {
			isa = XCBuildConfiguration;
			buildSettings = {
				CODE_SIGN_STYLE = Manual;
				DEVELOPMENT_TEAM = 26269995MS;
				INFOPLIST_FILE = TestSiriIntentsUI/Info.plist;
				IPHONEOS_DEPLOYMENT_TARGET = 11.0;
				LD_RUNPATH_SEARCH_PATHS = (
					"$(inherited)",
					"@executable_path/Frameworks",
					"@executable_path/../../Frameworks",
				);
				PRODUCT_BUNDLE_IDENTIFIER = com.qihoo.360smart.demo.SiriIntentsUI;
				PRODUCT_NAME = "$(TARGET_NAME)";
				PROVISIONING_PROFILE_SPECIFIER = demoSiriIntentsUI1;
				SKIP_INSTALL = YES;
				TARGETED_DEVICE_FAMILY = "1,2";
			};
			name = Release;
		};
		D70DE90421C2292B0045C317 /* Debug */ = {
			isa = XCBuildConfiguration;
			buildSettings = {
				CODE_SIGN_STYLE = Manual;
				DEVELOPMENT_TEAM = 26269995MS;
				INFOPLIST_FILE = TestSiriIntents/Info.plist;
				IPHONEOS_DEPLOYMENT_TARGET = 11.0;
				LD_RUNPATH_SEARCH_PATHS = (
					"$(inherited)",
					"@executable_path/Frameworks",
					"@executable_path/../../Frameworks",
				);
				PRODUCT_BUNDLE_IDENTIFIER = com.qihoo.360smart.demo.SiriIntents;
				PRODUCT_NAME = "$(TARGET_NAME)";
				PROVISIONING_PROFILE_SPECIFIER = demoSiriIntents;
				SKIP_INSTALL = YES;
				TARGETED_DEVICE_FAMILY = "1,2";
			};
			name = Debug;
		};
		D70DE90521C2292B0045C317 /* Release */ = {
			isa = XCBuildConfiguration;
			buildSettings = {
				CODE_SIGN_STYLE = Manual;
				DEVELOPMENT_TEAM = 26269995MS;
				INFOPLIST_FILE = TestSiriIntents/Info.plist;
				IPHONEOS_DEPLOYMENT_TARGET = 11.0;
				LD_RUNPATH_SEARCH_PATHS = (
					"$(inherited)",
					"@executable_path/Frameworks",
					"@executable_path/../../Frameworks",
				);
				PRODUCT_BUNDLE_IDENTIFIER = com.qihoo.360smart.demo.SiriIntents;
				PRODUCT_NAME = "$(TARGET_NAME)";
				PROVISIONING_PROFILE_SPECIFIER = demoSiriIntents;
				SKIP_INSTALL = YES;
				TARGETED_DEVICE_FAMILY = "1,2";
			};
			name = Release;
		};
/* End XCBuildConfiguration section */

/* Begin XCConfigurationList section */
		D70DE8A421C20AD40045C317 /* Build configuration list for PBXProject "TestSiri" */ = {
			isa = XCConfigurationList;
			buildConfigurations = (
				D70DE8D321C20AD60045C317 /* Debug */,
				D70DE8D421C20AD60045C317 /* Release */,
			);
			defaultConfigurationIsVisible = 0;
			defaultConfigurationName = Release;
		};
		D70DE8D521C20AD60045C317 /* Build configuration list for PBXNativeTarget "TestSiri" */ = {
			isa = XCConfigurationList;
			buildConfigurations = (
				D70DE8D621C20AD60045C317 /* Debug */,
				D70DE8D721C20AD60045C317 /* Release */,
			);
			defaultConfigurationIsVisible = 0;
			defaultConfigurationName = Release;
		};
		D70DE8D821C20AD60045C317 /* Build configuration list for PBXNativeTarget "TestSiriTests" */ = {
			isa = XCConfigurationList;
			buildConfigurations = (
				D70DE8D921C20AD60045C317 /* Debug */,
				D70DE8DA21C20AD60045C317 /* Release */,
			);
			defaultConfigurationIsVisible = 0;
			defaultConfigurationName = Release;
		};
		D70DE8DB21C20AD60045C317 /* Build configuration list for PBXNativeTarget "TestSiriUITests" */ = {
			isa = XCConfigurationList;
			buildConfigurations = (
				D70DE8DC21C20AD60045C317 /* Debug */,
				D70DE8DD21C20AD60045C317 /* Release */,
			);
			defaultConfigurationIsVisible = 0;
			defaultConfigurationName = Release;
		};
		D70DE90021C2292B0045C317 /* Build configuration list for PBXNativeTarget "TestSiriIntentsUI" */ = {
			isa = XCConfigurationList;
			buildConfigurations = (
				D70DE90121C2292B0045C317 /* Debug */,
				D70DE90221C2292B0045C317 /* Release */,
			);
			defaultConfigurationIsVisible = 0;
			defaultConfigurationName = Release;
		};
		D70DE90321C2292B0045C317 /* Build configuration list for PBXNativeTarget "TestSiriIntents" */ = {
			isa = XCConfigurationList;
			buildConfigurations = (
				D70DE90421C2292B0045C317 /* Debug */,
				D70DE90521C2292B0045C317 /* Release */,
			);
			defaultConfigurationIsVisible = 0;
			defaultConfigurationName = Release;
		};
/* End XCConfigurationList section */
	};
	rootObject = D70DE8A121C20AD40045C317 /* Project object */;
}
